{
  "version": 4,
  "terraform_version": "1.8.0",
  "serial": 14,
  "lineage": "dc40b6c7-e369-29fc-0ba7-1d990aa6aeb8",
  "outputs": {},
  "resources": [
    {
      "mode": "data",
      "type": "digitalocean_ssh_key",
      "name": "my_ssh_key",
      "provider": "provider[\"registry.terraform.io/digitalocean/digitalocean\"]",
      "instances": [
        {
          "schema_version": 0,
          "attributes": {
            "fingerprint": "bb:6c:12:c9:59:ad:02:bf:31:b3:f8:8e:87:be:a3:d3",
            "id": 52032254,
            "name": "Nikoloz_Local_Machine",
            "public_key": "ssh-ed25519 AAAAC3NzaC1lZDI1NTE5AAAAIBpJlMAVinKd1PEsAUOkOPtvytwljcdH4AgvCkbPSWci nikoloz@localhost.localdomain\n"
          },
          "sensitive_attributes": []
        }
      ]
    },
    {
      "mode": "managed",
      "type": "digitalocean_droplet",
      "name": "web_droplet",
      "provider": "provider[\"registry.terraform.io/digitalocean/digitalocean\"]",
      "instances": [
        {
          "schema_version": 1,
          "attributes": {
            "backup_policy": [],
            "backups": false,
            "created_at": "2025-11-21T16:57:52Z",
            "disk": 25,
            "droplet_agent": null,
            "graceful_shutdown": false,
            "id": "531644763",
            "image": "ubuntu-22-04-x64",
            "ipv4_address": "209.38.197.142",
            "ipv4_address_private": "10.114.0.3",
            "ipv6": false,
            "ipv6_address": "",
            "locked": false,
            "memory": 1024,
            "monitoring": false,
            "name": "ansible-compose-web-server",
            "price_hourly": 0.00893,
            "price_monthly": 6,
            "private_networking": true,
            "region": "fra1",
            "resize_disk": true,
            "size": "s-1vcpu-1gb",
            "ssh_keys": [
              "52032254"
            ],
            "status": "active",
            "tags": null,
            "timeouts": null,
            "urn": "do:droplet:531644763",
            "user_data": null,
            "vcpus": 1,
            "volume_ids": [],
            "vpc_uuid": "37b1712a-1f40-4206-9f26-6761c416d6f5"
          },
          "sensitive_attributes": [],
          "private": "eyJlMmJmYjczMC1lY2FhLTExZTYtOGY4OC0zNDM2M2JjN2M0YzAiOnsiY3JlYXRlIjozNjAwMDAwMDAwMDAwLCJkZWxldGUiOjYwMDAwMDAwMDAwLCJ1cGRhdGUiOjM2MDAwMDAwMDAwMDB9LCJzY2hlbWFfdmVyc2lvbiI6IjEifQ==",
          "dependencies": [
            "data.digitalocean_ssh_key.my_ssh_key"
          ]
        }
      ]
    }
  ],
  "check_results": null
}
